
Microsoft Visual Studio Solution File, Format Version 12.00
# Visual Studio Version 17
VisualStudioVersion = 17.11.35327.3
MinimumVisualStudioVersion = 10.0.40219.1
Project("{FAE04EC0-301F-11D3-BF4B-00C04F79EFBC}") = "ConsoleApp2", "ConsoleApp2.csproj", "{B24DA105-DB75-4BFB-AC5E-F586C6753F24}"
EndProject
Global
	GlobalSection(SolutionConfigurationPlatforms) = preSolution
		Debug|Any CPU = Debug|Any CPU
		Release|Any CPU = Release|Any CPU
	EndGlobalSection
	GlobalSection(ProjectConfigurationPlatforms) = postSolution
		{B24DA105-DB75-4BFB-AC5E-F586C6753F24}.Debug|Any CPU.ActiveCfg = Debug|Any CPU
		{B24DA105-DB75-4BFB-AC5E-F586C6753F24}.Debug|Any CPU.Build.0 = Debug|Any CPU
		{B24DA105-DB75-4BFB-AC5E-F586C6753F24}.Release|Any CPU.ActiveCfg = Release|Any CPU
		{B24DA105-DB75-4BFB-AC5E-F586C6753F24}.Release|Any CPU.Build.0 = Release|Any CPU
	EndGlobalSection
	GlobalSection(SolutionProperties) = preSolution
		HideSolutionNode = FALSE
	EndGlobalSection
	GlobalSection(ExtensibilityGlobals) = postSolution
		SolutionGuid = {4B5D1F83-8847-404F-BB6E-57844C243226}
	EndGlobalSection
EndGlobal
