
Microsoft Visual Studio Solution File, Format Version 12.00
# Visual Studio Version 17
VisualStudioVersion = 17.11.35327.3
MinimumVisualStudioVersion = 10.0.40219.1
Project("{FAE04EC0-301F-11D3-BF4B-00C04F79EFBC}") = "ConsoleApp3", "ConsoleApp3.csproj", "{095065F3-06DA-46A6-9636-5686090F5F4D}"
EndProject
Global
	GlobalSection(SolutionConfigurationPlatforms) = preSolution
		Debug|Any CPU = Debug|Any CPU
		Release|Any CPU = Release|Any CPU
	EndGlobalSection
	GlobalSection(ProjectConfigurationPlatforms) = postSolution
		{095065F3-06DA-46A6-9636-5686090F5F4D}.Debug|Any CPU.ActiveCfg = Debug|Any CPU
		{095065F3-06DA-46A6-9636-5686090F5F4D}.Debug|Any CPU.Build.0 = Debug|Any CPU
		{095065F3-06DA-46A6-9636-5686090F5F4D}.Release|Any CPU.ActiveCfg = Release|Any CPU
		{095065F3-06DA-46A6-9636-5686090F5F4D}.Release|Any CPU.Build.0 = Release|Any CPU
	EndGlobalSection
	GlobalSection(SolutionProperties) = preSolution
		HideSolutionNode = FALSE
	EndGlobalSection
	GlobalSection(ExtensibilityGlobals) = postSolution
		SolutionGuid = {4731A893-DDBD-481E-8F66-BC12016718E3}
	EndGlobalSection
EndGlobal
